
Microsoft Visual Studio Solution File, Format Version 12.00
# Visual Studio 15
VisualStudioVersion = 15.0.26730.15
MinimumVisualStudioVersion = 10.0.40219.1
Project("{FAE04EC0-301F-11D3-BF4B-00C04F79EFBC}") = "OWASPTop10.SqlInjection.Web", "OWASPTop10.SqlInjection.Web\OWASPTop10.SqlInjection.Web.csproj", "{24C32A22-F621-46E7-A3FD-72CC03CCFF6C}"
EndProject
Global
	GlobalSection(SolutionConfigurationPlatforms) = preSolution
		Debug|Any CPU = Debug|Any CPU
		Release|Any CPU = Release|Any CPU
	EndGlobalSection
	GlobalSection(ProjectConfigurationPlatforms) = postSolution
		{24C32A22-F621-46E7-A3FD-72CC03CCFF6C}.Debug|Any CPU.ActiveCfg = Debug|Any CPU
		{24C32A22-F621-46E7-A3FD-72CC03CCFF6C}.Debug|Any CPU.Build.0 = Debug|Any CPU
		{24C32A22-F621-46E7-A3FD-72CC03CCFF6C}.Release|Any CPU.ActiveCfg = Release|Any CPU
		{24C32A22-F621-46E7-A3FD-72CC03CCFF6C}.Release|Any CPU.Build.0 = Release|Any CPU
	EndGlobalSection
	GlobalSection(SolutionProperties) = preSolution
		HideSolutionNode = FALSE
	EndGlobalSection
	GlobalSection(ExtensibilityGlobals) = postSolution
		SolutionGuid = {5117582C-DC9F-41FA-8A2E-4F619F9930B4}
	EndGlobalSection
EndGlobal
